
Microsoft Visual Studio Solution File, Format Version 12.00
# Visual Studio 15
VisualStudioVersion = 15.0.28307.1062
MinimumVisualStudioVersion = 10.0.40219.1
Project("{FAE04EC0-301F-11D3-BF4B-00C04F79EFBC}") = "WindowsFormsPracticeApp", "WindowsFormsPracticeApp\WindowsFormsPracticeApp.csproj", "{C8EECF09-E812-4F0B-9DC4-C9EF18BCF422}"
EndProject
Global
	GlobalSection(SolutionConfigurationPlatforms) = preSolution
		Debug|Any CPU = Debug|Any CPU
		Release|Any CPU = Release|Any CPU
	EndGlobalSection
	GlobalSection(ProjectConfigurationPlatforms) = postSolution
		{C8EECF09-E812-4F0B-9DC4-C9EF18BCF422}.Debug|Any CPU.ActiveCfg = Debug|Any CPU
		{C8EECF09-E812-4F0B-9DC4-C9EF18BCF422}.Debug|Any CPU.Build.0 = Debug|Any CPU
		{C8EECF09-E812-4F0B-9DC4-C9EF18BCF422}.Release|Any CPU.ActiveCfg = Release|Any CPU
		{C8EECF09-E812-4F0B-9DC4-C9EF18BCF422}.Release|Any CPU.Build.0 = Release|Any CPU
	EndGlobalSection
	GlobalSection(SolutionProperties) = preSolution
		HideSolutionNode = FALSE
	EndGlobalSection
	GlobalSection(ExtensibilityGlobals) = postSolution
		SolutionGuid = {8107B27D-1F22-4400-9434-603E849E346F}
	EndGlobalSection
EndGlobal
